
Microsoft Visual Studio Solution File, Format Version 12.00
# Visual Studio 15
VisualStudioVersion = 15.0.28307.168
MinimumVisualStudioVersion = 10.0.40219.1
Project("{888888A0-9F3D-457C-B088-3A5042F75D52}") = "Leet", "Leet\Leet.pyproj", "{8889ACF5-863C-4921-B77F-D4A250A6BA5B}"
EndProject
Global
	GlobalSection(SolutionConfigurationPlatforms) = preSolution
		Debug|Any CPU = Debug|Any CPU
		Release|Any CPU = Release|Any CPU
	EndGlobalSection
	GlobalSection(ProjectConfigurationPlatforms) = postSolution
		{8889ACF5-863C-4921-B77F-D4A250A6BA5B}.Debug|Any CPU.ActiveCfg = Debug|Any CPU
		{8889ACF5-863C-4921-B77F-D4A250A6BA5B}.Release|Any CPU.ActiveCfg = Release|Any CPU
	EndGlobalSection
	GlobalSection(SolutionProperties) = preSolution
		HideSolutionNode = FALSE
	EndGlobalSection
	GlobalSection(ExtensibilityGlobals) = postSolution
		SolutionGuid = {C665C955-33AE-42DF-99C2-77C4A81B887A}
	EndGlobalSection
EndGlobal
